
Microsoft Visual Studio Solution File, Format Version 12.00
# Visual Studio Version 16
VisualStudioVersion = 16.0.31515.178
MinimumVisualStudioVersion = 10.0.40219.1
Project("{FAE04EC0-301F-11D3-BF4B-00C04F79EFBC}") = "StartMenuBackup.Console", "StartMenuBackup.Console\StartMenuBackup.Console.csproj", "{7BE83905-D659-4994-934C-18C68140A0CC}"
EndProject
Global
	GlobalSection(SolutionConfigurationPlatforms) = preSolution
		Debug|Any CPU = Debug|Any CPU
		Release|Any CPU = Release|Any CPU
	EndGlobalSection
	GlobalSection(ProjectConfigurationPlatforms) = postSolution
		{7BE83905-D659-4994-934C-18C68140A0CC}.Debug|Any CPU.ActiveCfg = Debug|Any CPU
		{7BE83905-D659-4994-934C-18C68140A0CC}.Debug|Any CPU.Build.0 = Debug|Any CPU
		{7BE83905-D659-4994-934C-18C68140A0CC}.Release|Any CPU.ActiveCfg = Release|Any CPU
		{7BE83905-D659-4994-934C-18C68140A0CC}.Release|Any CPU.Build.0 = Release|Any CPU
	EndGlobalSection
	GlobalSection(SolutionProperties) = preSolution
		HideSolutionNode = FALSE
	EndGlobalSection
	GlobalSection(ExtensibilityGlobals) = postSolution
		SolutionGuid = {6B32B143-9338-4028-8CB0-6B95EB9A358D}
	EndGlobalSection
EndGlobal
